
Microsoft Visual Studio Solution File, Format Version 12.00
# Visual Studio 15
VisualStudioVersion = 15.0.27130.2024
MinimumVisualStudioVersion = 10.0.40219.1
Project("{FAE04EC0-301F-11D3-BF4B-00C04F79EFBC}") = "Minecraft_modsTranslate", "Minecraft_modsTranslate\Minecraft_modsTranslate.csproj", "{68F2A279-59E7-48CC-A7DB-C7FFBD50E394}"
EndProject
Global
	GlobalSection(SolutionConfigurationPlatforms) = preSolution
		Debug|Any CPU = Debug|Any CPU
		Release|Any CPU = Release|Any CPU
	EndGlobalSection
	GlobalSection(ProjectConfigurationPlatforms) = postSolution
		{68F2A279-59E7-48CC-A7DB-C7FFBD50E394}.Debug|Any CPU.ActiveCfg = Debug|Any CPU
		{68F2A279-59E7-48CC-A7DB-C7FFBD50E394}.Debug|Any CPU.Build.0 = Debug|Any CPU
		{68F2A279-59E7-48CC-A7DB-C7FFBD50E394}.Release|Any CPU.ActiveCfg = Release|Any CPU
		{68F2A279-59E7-48CC-A7DB-C7FFBD50E394}.Release|Any CPU.Build.0 = Release|Any CPU
	EndGlobalSection
	GlobalSection(SolutionProperties) = preSolution
		HideSolutionNode = FALSE
	EndGlobalSection
	GlobalSection(ExtensibilityGlobals) = postSolution
		SolutionGuid = {52FADD85-57DA-44AB-8D94-E35B1055367B}
	EndGlobalSection
EndGlobal
